
Microsoft Visual Studio Solution File, Format Version 12.00
# Visual Studio 15
VisualStudioVersion = 15.0.28010.2036
MinimumVisualStudioVersion = 10.0.40219.1
Project("{FAE04EC0-301F-11D3-BF4B-00C04F79EFBC}") = "Class06Demo", "Class06Demo\Class06Demo.csproj", "{C7CFBFB4-DC85-4C5F-BD16-6ABF826614E5}"
EndProject
Global
	GlobalSection(SolutionConfigurationPlatforms) = preSolution
		Debug|Any CPU = Debug|Any CPU
		Release|Any CPU = Release|Any CPU
	EndGlobalSection
	GlobalSection(ProjectConfigurationPlatforms) = postSolution
		{C7CFBFB4-DC85-4C5F-BD16-6ABF826614E5}.Debug|Any CPU.ActiveCfg = Debug|Any CPU
		{C7CFBFB4-DC85-4C5F-BD16-6ABF826614E5}.Debug|Any CPU.Build.0 = Debug|Any CPU
		{C7CFBFB4-DC85-4C5F-BD16-6ABF826614E5}.Release|Any CPU.ActiveCfg = Release|Any CPU
		{C7CFBFB4-DC85-4C5F-BD16-6ABF826614E5}.Release|Any CPU.Build.0 = Release|Any CPU
	EndGlobalSection
	GlobalSection(SolutionProperties) = preSolution
		HideSolutionNode = FALSE
	EndGlobalSection
	GlobalSection(ExtensibilityGlobals) = postSolution
		SolutionGuid = {FEFC28DF-FCE2-4048-8E83-BB1A5BD8EA48}
	EndGlobalSection
EndGlobal
